
Microsoft Visual Studio Solution File, Format Version 12.00
# Visual Studio Version 17
VisualStudioVersion = 17.3.32825.248
MinimumVisualStudioVersion = 10.0.40219.1
Project("{FAE04EC0-301F-11D3-BF4B-00C04F79EFBC}") = "RoomExample", "RoomExample.csproj", "{F1F9B488-2F5C-4BAF-AB44-4DC8FAE91DE9}"
EndProject
Global
	GlobalSection(SolutionConfigurationPlatforms) = preSolution
		Debug|Any CPU = Debug|Any CPU
		Release|Any CPU = Release|Any CPU
	EndGlobalSection
	GlobalSection(ProjectConfigurationPlatforms) = postSolution
		{F1F9B488-2F5C-4BAF-AB44-4DC8FAE91DE9}.Debug|Any CPU.ActiveCfg = Debug|Any CPU
		{F1F9B488-2F5C-4BAF-AB44-4DC8FAE91DE9}.Debug|Any CPU.Build.0 = Debug|Any CPU
		{F1F9B488-2F5C-4BAF-AB44-4DC8FAE91DE9}.Release|Any CPU.ActiveCfg = Release|Any CPU
		{F1F9B488-2F5C-4BAF-AB44-4DC8FAE91DE9}.Release|Any CPU.Build.0 = Release|Any CPU
	EndGlobalSection
	GlobalSection(SolutionProperties) = preSolution
		HideSolutionNode = FALSE
	EndGlobalSection
	GlobalSection(ExtensibilityGlobals) = postSolution
		SolutionGuid = {06180895-A11D-49FE-A9F0-13B46D89A75D}
	EndGlobalSection
EndGlobal
