
Microsoft Visual Studio Solution File, Format Version 12.00
# Visual Studio Version 17
VisualStudioVersion = 17.4.33213.308
MinimumVisualStudioVersion = 10.0.40219.1
Project("{FAE04EC0-301F-11D3-BF4B-00C04F79EFBC}") = "PictureViewerStreltsov", "PictureViewerStreltsov.csproj", "{FE568D21-4D31-481C-8A53-940DF03D6B95}"
EndProject
Global
	GlobalSection(SolutionConfigurationPlatforms) = preSolution
		Debug|Any CPU = Debug|Any CPU
		Release|Any CPU = Release|Any CPU
	EndGlobalSection
	GlobalSection(ProjectConfigurationPlatforms) = postSolution
		{FE568D21-4D31-481C-8A53-940DF03D6B95}.Debug|Any CPU.ActiveCfg = Debug|Any CPU
		{FE568D21-4D31-481C-8A53-940DF03D6B95}.Debug|Any CPU.Build.0 = Debug|Any CPU
		{FE568D21-4D31-481C-8A53-940DF03D6B95}.Release|Any CPU.ActiveCfg = Release|Any CPU
		{FE568D21-4D31-481C-8A53-940DF03D6B95}.Release|Any CPU.Build.0 = Release|Any CPU
	EndGlobalSection
	GlobalSection(SolutionProperties) = preSolution
		HideSolutionNode = FALSE
	EndGlobalSection
	GlobalSection(ExtensibilityGlobals) = postSolution
		SolutionGuid = {AB2231AA-246C-4FC0-A629-02F0B1542E57}
	EndGlobalSection
EndGlobal
